
Microsoft Visual Studio Solution File, Format Version 12.00
# Visual Studio 2013
VisualStudioVersion = 12.0.21005.1
MinimumVisualStudioVersion = 10.0.40219.1
Project("{FAE04EC0-301F-11D3-BF4B-00C04F79EFBC}") = "northwind", "northwind\northwind.csproj", "{0C8D443C-7BF5-407A-B125-C6595476505E}"
EndProject
Project("{2150E333-8FDC-42A3-9474-1A3956D46DE8}") = "Solution Items", "Solution Items", "{0BFA802F-4B94-4826-A1D3-750F0ECC2694}"
	ProjectSection(SolutionItems) = preProject
		README.md = README.md
		screenshot.png = screenshot.png
	EndProjectSection
EndProject
Global
	GlobalSection(SolutionConfigurationPlatforms) = preSolution
		Debug|Any CPU = Debug|Any CPU
		Release|Any CPU = Release|Any CPU
	EndGlobalSection
	GlobalSection(ProjectConfigurationPlatforms) = postSolution
		{0C8D443C-7BF5-407A-B125-C6595476505E}.Debug|Any CPU.ActiveCfg = Debug|Any CPU
		{0C8D443C-7BF5-407A-B125-C6595476505E}.Debug|Any CPU.Build.0 = Debug|Any CPU
		{0C8D443C-7BF5-407A-B125-C6595476505E}.Release|Any CPU.ActiveCfg = Release|Any CPU
		{0C8D443C-7BF5-407A-B125-C6595476505E}.Release|Any CPU.Build.0 = Release|Any CPU
	EndGlobalSection
	GlobalSection(SolutionProperties) = preSolution
		HideSolutionNode = FALSE
	EndGlobalSection
EndGlobal
